
Microsoft Visual Studio Solution File, Format Version 12.00
# Visual Studio 2012
Project("{FAE04EC0-301F-11D3-BF4B-00C04F79EFBC}") = "mcq", "mcq\mcq.csproj", "{01C1F837-36D1-4A44-A83C-B6C56ADFA6FF}"
EndProject
Global
	GlobalSection(SolutionConfigurationPlatforms) = preSolution
		Debug|Any CPU = Debug|Any CPU
		Release|Any CPU = Release|Any CPU
	EndGlobalSection
	GlobalSection(ProjectConfigurationPlatforms) = postSolution
		{01C1F837-36D1-4A44-A83C-B6C56ADFA6FF}.Debug|Any CPU.ActiveCfg = Debug|Any CPU
		{01C1F837-36D1-4A44-A83C-B6C56ADFA6FF}.Debug|Any CPU.Build.0 = Debug|Any CPU
		{01C1F837-36D1-4A44-A83C-B6C56ADFA6FF}.Release|Any CPU.ActiveCfg = Release|Any CPU
		{01C1F837-36D1-4A44-A83C-B6C56ADFA6FF}.Release|Any CPU.Build.0 = Release|Any CPU
	EndGlobalSection
	GlobalSection(SolutionProperties) = preSolution
		HideSolutionNode = FALSE
	EndGlobalSection
EndGlobal
